{
  "name": "project_ur",
  "version": "1.0.0",
  "lockfileVersion": 3,
  "requires": true,
  "packages": {
    "": {
      "name": "project_ur",
      "version": "1.0.0",
      "license": "ISC",
      "dependencies": {
        "project_ur": "file:"
      }
    },
    "node_modules/project_ur": {
      "resolved": "",
      "link": true
    }
  }
}
